
Microsoft Visual Studio Solution File, Format Version 12.00
# Visual Studio Version 17
VisualStudioVersion = 17.8.34511.84
MinimumVisualStudioVersion = 10.0.40219.1
Project("{2150E333-8FDC-42A3-9474-1A3956D46DE8}") = "src", "src", "{C31274DE-5A9B-495E-9847-6007F7393C7D}"
EndProject
Project("{9A19103F-16F7-4668-BE54-9A1E7A4F7556}") = "PaymentGateway.Domain", "src\PaymentGateway.Domain\PaymentGateway.Domain.csproj", "{F8ADA354-EA86-4F26-A43A-5E5BED2C3361}"
EndProject
Project("{2150E333-8FDC-42A3-9474-1A3956D46DE8}") = "tests", "tests", "{A74D31FD-FA4C-48FF-A257-D00631538087}"
EndProject
Project("{9A19103F-16F7-4668-BE54-9A1E7A4F7556}") = "PaymentGateway.UnitTests", "tests\PaymentGateway.UnitTests\PaymentGateway.UnitTests.csproj", "{ACE9E72A-DAA3-403F-B272-CE455E347B50}"
EndProject
Project("{9A19103F-16F7-4668-BE54-9A1E7A4F7556}") = "PaymentGateway.API", "src\PaymentGateway.API\PaymentGateway.API.csproj", "{C8E3AB24-DB28-4CD5-9F29-52FEF0360C1B}"
	ProjectSection(ProjectDependencies) = postProject
		{F8ADA354-EA86-4F26-A43A-5E5BED2C3361} = {F8ADA354-EA86-4F26-A43A-5E5BED2C3361}
	EndProjectSection
EndProject
Project("{E53339B2-1760-4266-BCC7-CA923CBCF16C}") = "docker-compose", "docker-compose.dcproj", "{82425FFA-D876-47F5-A59A-435F0CD9F696}"
EndProject
Project("{9A19103F-16F7-4668-BE54-9A1E7A4F7556}") = "PaymentGateway.Application", "src\PaymentGateway.Application\PaymentGateway.Application.csproj", "{3026C002-9BEE-4632-B8DD-438AC3264F1B}"
EndProject
Project("{9A19103F-16F7-4668-BE54-9A1E7A4F7556}") = "PaymentGateway.Infra.RabbitMQ", "src\PaymentGateway.Infra.RabbitMQ\PaymentGateway.Infra.RabbitMQ.csproj", "{8B12E814-C58F-456B-90E3-2D9604FBF43C}"
EndProject
Project("{FAE04EC0-301F-11D3-BF4B-00C04F79EFBC}") = "PaymentGateway.Infra.Stripe", "src\PaymentGateway.Infra.Stripe\PaymentGateway.Infra.Stripe.csproj", "{05805084-B6C1-4B70-BE5E-A978F7C0EF03}"
EndProject
Global
	GlobalSection(SolutionConfigurationPlatforms) = preSolution
		Debug|Any CPU = Debug|Any CPU
		Release|Any CPU = Release|Any CPU
	EndGlobalSection
	GlobalSection(ProjectConfigurationPlatforms) = postSolution
		{F8ADA354-EA86-4F26-A43A-5E5BED2C3361}.Debug|Any CPU.ActiveCfg = Debug|Any CPU
		{F8ADA354-EA86-4F26-A43A-5E5BED2C3361}.Debug|Any CPU.Build.0 = Debug|Any CPU
		{F8ADA354-EA86-4F26-A43A-5E5BED2C3361}.Release|Any CPU.ActiveCfg = Release|Any CPU
		{F8ADA354-EA86-4F26-A43A-5E5BED2C3361}.Release|Any CPU.Build.0 = Release|Any CPU
		{ACE9E72A-DAA3-403F-B272-CE455E347B50}.Debug|Any CPU.ActiveCfg = Debug|Any CPU
		{ACE9E72A-DAA3-403F-B272-CE455E347B50}.Debug|Any CPU.Build.0 = Debug|Any CPU
		{ACE9E72A-DAA3-403F-B272-CE455E347B50}.Release|Any CPU.ActiveCfg = Release|Any CPU
		{ACE9E72A-DAA3-403F-B272-CE455E347B50}.Release|Any CPU.Build.0 = Release|Any CPU
		{C8E3AB24-DB28-4CD5-9F29-52FEF0360C1B}.Debug|Any CPU.ActiveCfg = Debug|Any CPU
		{C8E3AB24-DB28-4CD5-9F29-52FEF0360C1B}.Debug|Any CPU.Build.0 = Debug|Any CPU
		{C8E3AB24-DB28-4CD5-9F29-52FEF0360C1B}.Release|Any CPU.ActiveCfg = Release|Any CPU
		{C8E3AB24-DB28-4CD5-9F29-52FEF0360C1B}.Release|Any CPU.Build.0 = Release|Any CPU
		{82425FFA-D876-47F5-A59A-435F0CD9F696}.Debug|Any CPU.ActiveCfg = Debug|Any CPU
		{82425FFA-D876-47F5-A59A-435F0CD9F696}.Debug|Any CPU.Build.0 = Debug|Any CPU
		{82425FFA-D876-47F5-A59A-435F0CD9F696}.Release|Any CPU.ActiveCfg = Release|Any CPU
		{82425FFA-D876-47F5-A59A-435F0CD9F696}.Release|Any CPU.Build.0 = Release|Any CPU
		{3026C002-9BEE-4632-B8DD-438AC3264F1B}.Debug|Any CPU.ActiveCfg = Debug|Any CPU
		{3026C002-9BEE-4632-B8DD-438AC3264F1B}.Debug|Any CPU.Build.0 = Debug|Any CPU
		{3026C002-9BEE-4632-B8DD-438AC3264F1B}.Release|Any CPU.ActiveCfg = Release|Any CPU
		{3026C002-9BEE-4632-B8DD-438AC3264F1B}.Release|Any CPU.Build.0 = Release|Any CPU
		{8B12E814-C58F-456B-90E3-2D9604FBF43C}.Debug|Any CPU.ActiveCfg = Debug|Any CPU
		{8B12E814-C58F-456B-90E3-2D9604FBF43C}.Debug|Any CPU.Build.0 = Debug|Any CPU
		{8B12E814-C58F-456B-90E3-2D9604FBF43C}.Release|Any CPU.ActiveCfg = Release|Any CPU
		{8B12E814-C58F-456B-90E3-2D9604FBF43C}.Release|Any CPU.Build.0 = Release|Any CPU
		{05805084-B6C1-4B70-BE5E-A978F7C0EF03}.Debug|Any CPU.ActiveCfg = Debug|Any CPU
		{05805084-B6C1-4B70-BE5E-A978F7C0EF03}.Debug|Any CPU.Build.0 = Debug|Any CPU
		{05805084-B6C1-4B70-BE5E-A978F7C0EF03}.Release|Any CPU.ActiveCfg = Release|Any CPU
		{05805084-B6C1-4B70-BE5E-A978F7C0EF03}.Release|Any CPU.Build.0 = Release|Any CPU
	EndGlobalSection
	GlobalSection(SolutionProperties) = preSolution
		HideSolutionNode = FALSE
	EndGlobalSection
	GlobalSection(NestedProjects) = preSolution
		{F8ADA354-EA86-4F26-A43A-5E5BED2C3361} = {C31274DE-5A9B-495E-9847-6007F7393C7D}
		{ACE9E72A-DAA3-403F-B272-CE455E347B50} = {A74D31FD-FA4C-48FF-A257-D00631538087}
		{C8E3AB24-DB28-4CD5-9F29-52FEF0360C1B} = {C31274DE-5A9B-495E-9847-6007F7393C7D}
		{3026C002-9BEE-4632-B8DD-438AC3264F1B} = {C31274DE-5A9B-495E-9847-6007F7393C7D}
		{8B12E814-C58F-456B-90E3-2D9604FBF43C} = {C31274DE-5A9B-495E-9847-6007F7393C7D}
		{05805084-B6C1-4B70-BE5E-A978F7C0EF03} = {C31274DE-5A9B-495E-9847-6007F7393C7D}
	EndGlobalSection
	GlobalSection(ExtensibilityGlobals) = postSolution
		SolutionGuid = {AC01C318-4B01-49F2-9AB5-FA3840819015}
	EndGlobalSection
EndGlobal
